{
    "_readme": [
        "This file locks the dependencies of your project to a known state",
        "Read more about it at https://getcomposer.org/doc/01-basic-usage.md#installing-dependencies",
        "This file is @generated automatically"
    ],
    "content-hash": "77a28d06ef8793e62608063f8458fa64",
    "packages": [
        {
            "name": "zhalker/dumb-artifact-for-multi-level-contextual-parsing-in-php",
            "version": "1.1.0",
            "source": {
                "type": "git",
                "url": "https://github.com/zhalker/dumb-artifact-for-multi-level-contextual-parsing-in-php.git",
                "reference": "decd1488107543fada1e6d2466c0161ebc9e3008"
            },
            "dist": {
                "type": "zip",
                "url": "https://api.github.com/repos/zhalker/dumb-artifact-for-multi-level-contextual-parsing-in-php/zipball/decd1488107543fada1e6d2466c0161ebc9e3008",
                "reference": "decd1488107543fada1e6d2466c0161ebc9e3008",
                "shasum": ""
            },
            "require": {
                "php": "^8.0"
            },
            "type": "library",
            "autoload": {
                "psr-4": {
                    "DumbContextualParser\\": "src/"
                }
            },
            "notification-url": "https://packagist.org/downloads/",
            "license": [
                "MIT"
            ],
            "authors": [
                {
                    "name": "zhalker"
                }
            ],
            "description": "An unnecessarily complex tool that replaces patterns through multi-level contextual parsing in PHP. Dumb, yet somehow useful",
            "support": {
                "issues": "https://github.com/zhalker/dumb-artifact-for-multi-level-contextual-parsing-in-php/issues",
                "source": "https://github.com/zhalker/dumb-artifact-for-multi-level-contextual-parsing-in-php/tree/1.1.0"
            },
            "time": "2025-10-26T23:46:51+00:00"
        }
    ],
    "packages-dev": [],
    "aliases": [],
    "minimum-stability": "stable",
    "stability-flags": {},
    "prefer-stable": false,
    "prefer-lowest": false,
    "platform": {
        "php": "^8.0"
    },
    "platform-dev": {},
    "plugin-api-version": "2.6.0"
}
